
Microsoft Visual Studio Solution File, Format Version 12.00
# Visual Studio Version 17
VisualStudioVersion = 17.1.32228.430
MinimumVisualStudioVersion = 10.0.40219.1
Project("{FAE04EC0-301F-11D3-BF4B-00C04F79EFBC}") = "WeddingBloomsDraft3", "WeddingBloomsDraft3.csproj", "{C0520F31-C793-453B-9346-87659E177CDD}"
EndProject
Global
	GlobalSection(SolutionConfigurationPlatforms) = preSolution
		Debug|Any CPU = Debug|Any CPU
		Release|Any CPU = Release|Any CPU
	EndGlobalSection
	GlobalSection(ProjectConfigurationPlatforms) = postSolution
		{C0520F31-C793-453B-9346-87659E177CDD}.Debug|Any CPU.ActiveCfg = Debug|Any CPU
		{C0520F31-C793-453B-9346-87659E177CDD}.Debug|Any CPU.Build.0 = Debug|Any CPU
		{C0520F31-C793-453B-9346-87659E177CDD}.Release|Any CPU.ActiveCfg = Release|Any CPU
		{C0520F31-C793-453B-9346-87659E177CDD}.Release|Any CPU.Build.0 = Release|Any CPU
	EndGlobalSection
	GlobalSection(SolutionProperties) = preSolution
		HideSolutionNode = FALSE
	EndGlobalSection
	GlobalSection(ExtensibilityGlobals) = postSolution
		SolutionGuid = {2B11D064-C695-4D13-A794-8E6767A2E110}
	EndGlobalSection
EndGlobal
